
Microsoft Visual Studio Solution File, Format Version 12.00
# Visual Studio 2013
VisualStudioVersion = 12.0.30110.0
MinimumVisualStudioVersion = 10.0.40219.1
Project("{FAE04EC0-301F-11D3-BF4B-00C04F79EFBC}") = "KSOA.Model", "KSOA.Model\KSOA.Model.csproj", "{28512FF0-E8BA-48C6-920E-90F6F7840BC7}"
EndProject
Project("{FAE04EC0-301F-11D3-BF4B-00C04F79EFBC}") = "KSOA.Common", "KSOA.Common\KSOA.Common.csproj", "{F98BE8DC-8FC6-472F-BDD3-7E802921618E}"
EndProject
Project("{FAE04EC0-301F-11D3-BF4B-00C04F79EFBC}") = "KSOA.Business", "KSOA.Business\KSOA.Business.csproj", "{A4939B7C-0C22-4D84-A7D4-476674E68F23}"
EndProject
Project("{FAE04EC0-301F-11D3-BF4B-00C04F79EFBC}") = "KSOA.DataAccess", "KSOA.DataAccess\KSOA.DataAccess.csproj", "{5B8D60BC-187D-4969-BF2D-64812F8772B4}"
EndProject
Project("{2150E333-8FDC-42A3-9474-1A3956D46DE8}") = "UI", "UI", "{06D51883-62B0-4FC3-82FF-9D3CB6B1C648}"
EndProject
Project("{2150E333-8FDC-42A3-9474-1A3956D46DE8}") = "Business", "Business", "{67668EEB-AA07-486E-888D-C0C105C0C80F}"
EndProject
Project("{FAE04EC0-301F-11D3-BF4B-00C04F79EFBC}") = "KSOAWeb", "KSOAWeb\KSOAWeb.csproj", "{395046D6-28CE-43EE-BBAD-E04E4E325FD7}"
EndProject
Global
	GlobalSection(SolutionConfigurationPlatforms) = preSolution
		Debug|Any CPU = Debug|Any CPU
		Release|Any CPU = Release|Any CPU
	EndGlobalSection
	GlobalSection(ProjectConfigurationPlatforms) = postSolution
		{28512FF0-E8BA-48C6-920E-90F6F7840BC7}.Debug|Any CPU.ActiveCfg = Debug|Any CPU
		{28512FF0-E8BA-48C6-920E-90F6F7840BC7}.Debug|Any CPU.Build.0 = Debug|Any CPU
		{28512FF0-E8BA-48C6-920E-90F6F7840BC7}.Release|Any CPU.ActiveCfg = Release|Any CPU
		{28512FF0-E8BA-48C6-920E-90F6F7840BC7}.Release|Any CPU.Build.0 = Release|Any CPU
		{F98BE8DC-8FC6-472F-BDD3-7E802921618E}.Debug|Any CPU.ActiveCfg = Debug|Any CPU
		{F98BE8DC-8FC6-472F-BDD3-7E802921618E}.Debug|Any CPU.Build.0 = Debug|Any CPU
		{F98BE8DC-8FC6-472F-BDD3-7E802921618E}.Release|Any CPU.ActiveCfg = Release|Any CPU
		{F98BE8DC-8FC6-472F-BDD3-7E802921618E}.Release|Any CPU.Build.0 = Release|Any CPU
		{A4939B7C-0C22-4D84-A7D4-476674E68F23}.Debug|Any CPU.ActiveCfg = Debug|Any CPU
		{A4939B7C-0C22-4D84-A7D4-476674E68F23}.Debug|Any CPU.Build.0 = Debug|Any CPU
		{A4939B7C-0C22-4D84-A7D4-476674E68F23}.Release|Any CPU.ActiveCfg = Release|Any CPU
		{A4939B7C-0C22-4D84-A7D4-476674E68F23}.Release|Any CPU.Build.0 = Release|Any CPU
		{5B8D60BC-187D-4969-BF2D-64812F8772B4}.Debug|Any CPU.ActiveCfg = Debug|Any CPU
		{5B8D60BC-187D-4969-BF2D-64812F8772B4}.Debug|Any CPU.Build.0 = Debug|Any CPU
		{5B8D60BC-187D-4969-BF2D-64812F8772B4}.Release|Any CPU.ActiveCfg = Release|Any CPU
		{5B8D60BC-187D-4969-BF2D-64812F8772B4}.Release|Any CPU.Build.0 = Release|Any CPU
		{395046D6-28CE-43EE-BBAD-E04E4E325FD7}.Debug|Any CPU.ActiveCfg = Debug|Any CPU
		{395046D6-28CE-43EE-BBAD-E04E4E325FD7}.Debug|Any CPU.Build.0 = Debug|Any CPU
		{395046D6-28CE-43EE-BBAD-E04E4E325FD7}.Release|Any CPU.ActiveCfg = Release|Any CPU
		{395046D6-28CE-43EE-BBAD-E04E4E325FD7}.Release|Any CPU.Build.0 = Release|Any CPU
	EndGlobalSection
	GlobalSection(SolutionProperties) = preSolution
		HideSolutionNode = FALSE
	EndGlobalSection
	GlobalSection(NestedProjects) = preSolution
		{F98BE8DC-8FC6-472F-BDD3-7E802921618E} = {67668EEB-AA07-486E-888D-C0C105C0C80F}
		{A4939B7C-0C22-4D84-A7D4-476674E68F23} = {67668EEB-AA07-486E-888D-C0C105C0C80F}
		{5B8D60BC-187D-4969-BF2D-64812F8772B4} = {67668EEB-AA07-486E-888D-C0C105C0C80F}
		{28512FF0-E8BA-48C6-920E-90F6F7840BC7} = {67668EEB-AA07-486E-888D-C0C105C0C80F}
		{395046D6-28CE-43EE-BBAD-E04E4E325FD7} = {06D51883-62B0-4FC3-82FF-9D3CB6B1C648}
	EndGlobalSection
EndGlobal
