
Microsoft Visual Studio Solution File, Format Version 12.00
# Visual Studio 2013
VisualStudioVersion = 12.0.30110.0
MinimumVisualStudioVersion = 10.0.40219.1
Project("{FAE04EC0-301F-11D3-BF4B-00C04F79EFBC}") = "KSOA", "KSOA\KSOA.csproj", "{A67216F0-1FF4-43E9-8F7A-507907C2F3B3}"
EndProject
Project("{FAE04EC0-301F-11D3-BF4B-00C04F79EFBC}") = "KSOA.Model", "KSOA.Model\KSOA.Model.csproj", "{28512FF0-E8BA-48C6-920E-90F6F7840BC7}"
EndProject
Project("{FAE04EC0-301F-11D3-BF4B-00C04F79EFBC}") = "KSOA.Common", "KSOA.Common\KSOA.Common.csproj", "{F98BE8DC-8FC6-472F-BDD3-7E802921618E}"
EndProject
Project("{FAE04EC0-301F-11D3-BF4B-00C04F79EFBC}") = "KSOA.DataAccess", "KSOA.DataAccess\KSOA.DataAccess.csproj", "{C7776920-4126-4965-B602-9A7810D937FE}"
EndProject
Project("{FAE04EC0-301F-11D3-BF4B-00C04F79EFBC}") = "KSOA.Business", "KSOA.Business\KSOA.Business.csproj", "{A4939B7C-0C22-4D84-A7D4-476674E68F23}"
EndProject
Global
	GlobalSection(SolutionConfigurationPlatforms) = preSolution
		Debug|Any CPU = Debug|Any CPU
		Release|Any CPU = Release|Any CPU
	EndGlobalSection
	GlobalSection(ProjectConfigurationPlatforms) = postSolution
		{A67216F0-1FF4-43E9-8F7A-507907C2F3B3}.Debug|Any CPU.ActiveCfg = Debug|Any CPU
		{A67216F0-1FF4-43E9-8F7A-507907C2F3B3}.Debug|Any CPU.Build.0 = Debug|Any CPU
		{A67216F0-1FF4-43E9-8F7A-507907C2F3B3}.Release|Any CPU.ActiveCfg = Release|Any CPU
		{A67216F0-1FF4-43E9-8F7A-507907C2F3B3}.Release|Any CPU.Build.0 = Release|Any CPU
		{28512FF0-E8BA-48C6-920E-90F6F7840BC7}.Debug|Any CPU.ActiveCfg = Debug|Any CPU
		{28512FF0-E8BA-48C6-920E-90F6F7840BC7}.Debug|Any CPU.Build.0 = Debug|Any CPU
		{28512FF0-E8BA-48C6-920E-90F6F7840BC7}.Release|Any CPU.ActiveCfg = Release|Any CPU
		{28512FF0-E8BA-48C6-920E-90F6F7840BC7}.Release|Any CPU.Build.0 = Release|Any CPU
		{F98BE8DC-8FC6-472F-BDD3-7E802921618E}.Debug|Any CPU.ActiveCfg = Debug|Any CPU
		{F98BE8DC-8FC6-472F-BDD3-7E802921618E}.Debug|Any CPU.Build.0 = Debug|Any CPU
		{F98BE8DC-8FC6-472F-BDD3-7E802921618E}.Release|Any CPU.ActiveCfg = Release|Any CPU
		{F98BE8DC-8FC6-472F-BDD3-7E802921618E}.Release|Any CPU.Build.0 = Release|Any CPU
		{C7776920-4126-4965-B602-9A7810D937FE}.Debug|Any CPU.ActiveCfg = Debug|Any CPU
		{C7776920-4126-4965-B602-9A7810D937FE}.Debug|Any CPU.Build.0 = Debug|Any CPU
		{C7776920-4126-4965-B602-9A7810D937FE}.Release|Any CPU.ActiveCfg = Release|Any CPU
		{C7776920-4126-4965-B602-9A7810D937FE}.Release|Any CPU.Build.0 = Release|Any CPU
		{A4939B7C-0C22-4D84-A7D4-476674E68F23}.Debug|Any CPU.ActiveCfg = Debug|Any CPU
		{A4939B7C-0C22-4D84-A7D4-476674E68F23}.Debug|Any CPU.Build.0 = Debug|Any CPU
		{A4939B7C-0C22-4D84-A7D4-476674E68F23}.Release|Any CPU.ActiveCfg = Release|Any CPU
		{A4939B7C-0C22-4D84-A7D4-476674E68F23}.Release|Any CPU.Build.0 = Release|Any CPU
	EndGlobalSection
	GlobalSection(SolutionProperties) = preSolution
		HideSolutionNode = FALSE
	EndGlobalSection
EndGlobal
